// !$*UTF8*$!
{
	archiveVersion = 1;
	classes = {
	};
	objectVersion = 50;
	objects = {

/* Begin PBXBuildFile section */
		78CA7CE8221B59F70006165F /* AppDelegate.swift in Sources */ = {isa = PBXBuildFile; fileRef = 78CA7CE7221B59F70006165F /* AppDelegate.swift */; };
		78CA7CEA221B59F70006165F /* ViewController.swift in Sources */ = {isa = PBXBuildFile; fileRef = 78CA7CE9221B59F70006165F /* ViewController.swift */; };
		78CA7CED221B59F70006165F /* Main.storyboard in Resources */ = {isa = PBXBuildFile; fileRef = 78CA7CEB221B59F70006165F /* Main.storyboard */; };
		78CA7CEF221B5A020006165F /* Assets.xcassets in Resources */ = {isa = PBXBuildFile; fileRef = 78CA7CEE221B5A020006165F /* Assets.xcassets */; };
		78CA7CF2221B5A020006165F /* LaunchScreen.storyboard in Resources */ = {isa = PBXBuildFile; fileRef = 78CA7CF0221B5A020006165F /* LaunchScreen.storyboard */; };
		78CA7CFD221B5A020006165F /* mixxerTests.swift in Sources */ = {isa = PBXBuildFile; fileRef = 78CA7CFC221B5A020006165F /* mixxerTests.swift */; };
		78CA7D08221B5A020006165F /* mixxerUITests.swift in Sources */ = {isa = PBXBuildFile; fileRef = 78CA7D07221B5A020006165F /* mixxerUITests.swift */; };
/* End PBXBuildFile section */

/* Begin PBXContainerItemProxy section */
		78CA7CF9221B5A020006165F /* PBXContainerItemProxy */ = {
			isa = PBXContainerItemProxy;
			containerPortal = 78CA7CDC221B59F70006165F /* Project object */;
			proxyType = 1;
			remoteGlobalIDString = 78CA7CE3221B59F70006165F;
			remoteInfo = mixxer;
		};
		78CA7D04221B5A020006165F /* PBXContainerItemProxy */ = {
			isa = PBXContainerItemProxy;
			containerPortal = 78CA7CDC221B59F70006165F /* Project object */;
			proxyType = 1;
			remoteGlobalIDString = 78CA7CE3221B59F70006165F;
			remoteInfo = mixxer;
		};
/* End PBXContainerItemProxy section */

/* Begin PBXFileReference section */
		78CA7CE4221B59F70006165F /* mixxer.app */ = {isa = PBXFileReference; explicitFileType = wrapper.application; includeInIndex = 0; path = mixxer.app; sourceTree = BUILT_PRODUCTS_DIR; };
		78CA7CE7221B59F70006165F /* AppDelegate.swift */ = {isa = PBXFileReference; lastKnownFileType = sourcecode.swift; path = AppDelegate.swift; sourceTree = "<group>"; };
		78CA7CE9221B59F70006165F /* ViewController.swift */ = {isa = PBXFileReference; lastKnownFileType = sourcecode.swift; path = ViewController.swift; sourceTree = "<group>"; };
		78CA7CEC221B59F70006165F /* Base */ = {isa = PBXFileReference; lastKnownFileType = file.storyboard; name = Base; path = Base.lproj/Main.storyboard; sourceTree = "<group>"; };
		78CA7CEE221B5A020006165F /* Assets.xcassets */ = {isa = PBXFileReference; lastKnownFileType = folder.assetcatalog; path = Assets.xcassets; sourceTree = "<group>"; };
		78CA7CF1221B5A020006165F /* Base */ = {isa = PBXFileReference; lastKnownFileType = file.storyboard; name = Base; path = Base.lproj/LaunchScreen.storyboard; sourceTree = "<group>"; };
		78CA7CF3221B5A020006165F /* Info.plist */ = {isa = PBXFileReference; lastKnownFileType = text.plist.xml; path = Info.plist; sourceTree = "<group>"; };
		78CA7CF8221B5A020006165F /* mixxerTests.xctest */ = {isa = PBXFileReference; explicitFileType = wrapper.cfbundle; includeInIndex = 0; path = mixxerTests.xctest; sourceTree = BUILT_PRODUCTS_DIR; };
		78CA7CFC221B5A020006165F /* mixxerTests.swift */ = {isa = PBXFileReference; lastKnownFileType = sourcecode.swift; path = mixxerTests.swift; sourceTree = "<group>"; };
		78CA7CFE221B5A020006165F /* Info.plist */ = {isa = PBXFileReference; lastKnownFileType = text.plist.xml; path = Info.plist; sourceTree = "<group>"; };
		78CA7D03221B5A020006165F /* mixxerUITests.xctest */ = {isa = PBXFileReference; explicitFileType = wrapper.cfbundle; includeInIndex = 0; path = mixxerUITests.xctest; sourceTree = BUILT_PRODUCTS_DIR; };
		78CA7D07221B5A020006165F /* mixxerUITests.swift */ = {isa = PBXFileReference; lastKnownFileType = sourcecode.swift; path = mixxerUITests.swift; sourceTree = "<group>"; };
		78CA7D09221B5A020006165F /* Info.plist */ = {isa = PBXFileReference; lastKnownFileType = text.plist.xml; path = Info.plist; sourceTree = "<group>"; };
/* End PBXFileReference section */

/* Begin PBXFrameworksBuildPhase section */
		78CA7CE1221B59F70006165F /* Frameworks */ = {
			isa = PBXFrameworksBuildPhase;
			buildActionMask = 2147483647;
			files = (
			);
			runOnlyForDeploymentPostprocessing = 0;
		};
		78CA7CF5221B5A020006165F /* Frameworks */ = {
			isa = PBXFrameworksBuildPhase;
			buildActionMask = 2147483647;
			files = (
			);
			runOnlyForDeploymentPostprocessing = 0;
		};
		78CA7D00221B5A020006165F /* Frameworks */ = {
			isa = PBXFrameworksBuildPhase;
			buildActionMask = 2147483647;
			files = (
			);
			runOnlyForDeploymentPostprocessing = 0;
		};
/* End PBXFrameworksBuildPhase section */

/* Begin PBXGroup section */
		78CA7CDB221B59F70006165F = {
			isa = PBXGroup;
			children = (
				78CA7CE6221B59F70006165F /* mixxer */,
				78CA7CFB221B5A020006165F /* mixxerTests */,
				78CA7D06221B5A020006165F /* mixxerUITests */,
				78CA7CE5221B59F70006165F /* Products */,
			);
			sourceTree = "<group>";
		};
		78CA7CE5221B59F70006165F /* Products */ = {
			isa = PBXGroup;
			children = (
				78CA7CE4221B59F70006165F /* mixxer.app */,
				78CA7CF8221B5A020006165F /* mixxerTests.xctest */,
				78CA7D03221B5A020006165F /* mixxerUITests.xctest */,
			);
			name = Products;
			sourceTree = "<group>";
		};
		78CA7CE6221B59F70006165F /* mixxer */ = {
			isa = PBXGroup;
			children = (
				78CA7CE7221B59F70006165F /* AppDelegate.swift */,
				78CA7CE9221B59F70006165F /* ViewController.swift */,
				78CA7CEB221B59F70006165F /* Main.storyboard */,
				78CA7CEE221B5A020006165F /* Assets.xcassets */,
				78CA7CF0221B5A020006165F /* LaunchScreen.storyboard */,
				78CA7CF3221B5A020006165F /* Info.plist */,
			);
			path = mixxer;
			sourceTree = "<group>";
		};
		78CA7CFB221B5A020006165F /* mixxerTests */ = {
			isa = PBXGroup;
			children = (
				78CA7CFC221B5A020006165F /* mixxerTests.swift */,
				78CA7CFE221B5A020006165F /* Info.plist */,
			);
			path = mixxerTests;
			sourceTree = "<group>";
		};
		78CA7D06221B5A020006165F /* mixxerUITests */ = {
			isa = PBXGroup;
			children = (
				78CA7D07221B5A020006165F /* mixxerUITests.swift */,
				78CA7D09221B5A020006165F /* Info.plist */,
			);
			path = mixxerUITests;
			sourceTree = "<group>";
		};
/* End PBXGroup section */

/* Begin PBXNativeTarget section */
		78CA7CE3221B59F70006165F /* mixxer */ = {
			isa = PBXNativeTarget;
			buildConfigurationList = 78CA7D0C221B5A020006165F /* Build configuration list for PBXNativeTarget "mixxer" */;
			buildPhases = (
				78CA7CE0221B59F70006165F /* Sources */,
				78CA7CE1221B59F70006165F /* Frameworks */,
				78CA7CE2221B59F70006165F /* Resources */,
			);
			buildRules = (
			);
			dependencies = (
			);
			name = mixxer;
			productName = mixxer;
			productReference = 78CA7CE4221B59F70006165F /* mixxer.app */;
			productType = "com.apple.product-type.application";
		};
		78CA7CF7221B5A020006165F /* mixxerTests */ = {
			isa = PBXNativeTarget;
			buildConfigurationList = 78CA7D0F221B5A020006165F /* Build configuration list for PBXNativeTarget "mixxerTests" */;
			buildPhases = (
				78CA7CF4221B5A020006165F /* Sources */,
				78CA7CF5221B5A020006165F /* Frameworks */,
				78CA7CF6221B5A020006165F /* Resources */,
			);
			buildRules = (
			);
			dependencies = (
				78CA7CFA221B5A020006165F /* PBXTargetDependency */,
			);
			name = mixxerTests;
			productName = mixxerTests;
			productReference = 78CA7CF8221B5A020006165F /* mixxerTests.xctest */;
			productType = "com.apple.product-type.bundle.unit-test";
		};
		78CA7D02221B5A020006165F /* mixxerUITests */ = {
			isa = PBXNativeTarget;
			buildConfigurationList = 78CA7D12221B5A020006165F /* Build configuration list for PBXNativeTarget "mixxerUITests" */;
			buildPhases = (
				78CA7CFF221B5A020006165F /* Sources */,
				78CA7D00221B5A020006165F /* Frameworks */,
				78CA7D01221B5A020006165F /* Resources */,
			);
			buildRules = (
			);
			dependencies = (
				78CA7D05221B5A020006165F /* PBXTargetDependency */,
			);
			name = mixxerUITests;
			productName = mixxerUITests;
			productReference = 78CA7D03221B5A020006165F /* mixxerUITests.xctest */;
			productType = "com.apple.product-type.bundle.ui-testing";
		};
/* End PBXNativeTarget section */

/* Begin PBXProject section */
		78CA7CDC221B59F70006165F /* Project object */ = {
			isa = PBXProject;
			attributes = {
				LastSwiftUpdateCheck = 1010;
				LastUpgradeCheck = 1010;
				ORGANIZATIONNAME = Dickinson;
				TargetAttributes = {
					78CA7CE3221B59F70006165F = {
						CreatedOnToolsVersion = 10.1;
					};
					78CA7CF7221B5A020006165F = {
						CreatedOnToolsVersion = 10.1;
						TestTargetID = 78CA7CE3221B59F70006165F;
					};
					78CA7D02221B5A020006165F = {
						CreatedOnToolsVersion = 10.1;
						TestTargetID = 78CA7CE3221B59F70006165F;
					};
				};
			};
			buildConfigurationList = 78CA7CDF221B59F70006165F /* Build configuration list for PBXProject "mixxer" */;
			compatibilityVersion = "Xcode 9.3";
			developmentRegion = en;
			hasScannedForEncodings = 0;
			knownRegions = (
				en,
				Base,
			);
			mainGroup = 78CA7CDB221B59F70006165F;
			productRefGroup = 78CA7CE5221B59F70006165F /* Products */;
			projectDirPath = "";
			projectRoot = "";
			targets = (
				78CA7CE3221B59F70006165F /* mixxer */,
				78CA7CF7221B5A020006165F /* mixxerTests */,
				78CA7D02221B5A020006165F /* mixxerUITests */,
			);
		};
/* End PBXProject section */

/* Begin PBXResourcesBuildPhase section */
		78CA7CE2221B59F70006165F /* Resources */ = {
			isa = PBXResourcesBuildPhase;
			buildActionMask = 2147483647;
			files = (
				78CA7CF2221B5A020006165F /* LaunchScreen.storyboard in Resources */,
				78CA7CEF221B5A020006165F /* Assets.xcassets in Resources */,
				78CA7CED221B59F70006165F /* Main.storyboard in Resources */,
			);
			runOnlyForDeploymentPostprocessing = 0;
		};
		78CA7CF6221B5A020006165F /* Resources */ = {
			isa = PBXResourcesBuildPhase;
			buildActionMask = 2147483647;
			files = (
			);
			runOnlyForDeploymentPostprocessing = 0;
		};
		78CA7D01221B5A020006165F /* Resources */ = {
			isa = PBXResourcesBuildPhase;
			buildActionMask = 2147483647;
			files = (
			);
			runOnlyForDeploymentPostprocessing = 0;
		};
/* End PBXResourcesBuildPhase section */

/* Begin PBXSourcesBuildPhase section */
		78CA7CE0221B59F70006165F /* Sources */ = {
			isa = PBXSourcesBuildPhase;
			buildActionMask = 2147483647;
			files = (
				78CA7CEA221B59F70006165F /* ViewController.swift in Sources */,
				78CA7CE8221B59F70006165F /* AppDelegate.swift in Sources */,
			);
			runOnlyForDeploymentPostprocessing = 0;
		};
		78CA7CF4221B5A020006165F /* Sources */ = {
			isa = PBXSourcesBuildPhase;
			buildActionMask = 2147483647;
			files = (
				78CA7CFD221B5A020006165F /* mixxerTests.swift in Sources */,
			);
			runOnlyForDeploymentPostprocessing = 0;
		};
		78CA7CFF221B5A020006165F /* Sources */ = {
			isa = PBXSourcesBuildPhase;
			buildActionMask = 2147483647;
			files = (
				78CA7D08221B5A020006165F /* mixxerUITests.swift in Sources */,
			);
			runOnlyForDeploymentPostprocessing = 0;
		};
/* End PBXSourcesBuildPhase section */

/* Begin PBXTargetDependency section */
		78CA7CFA221B5A020006165F /* PBXTargetDependency */ = {
			isa = PBXTargetDependency;
			target = 78CA7CE3221B59F70006165F /* mixxer */;
			targetProxy = 78CA7CF9221B5A020006165F /* PBXContainerItemProxy */;
		};
		78CA7D05221B5A020006165F /* PBXTargetDependency */ = {
			isa = PBXTargetDependency;
			target = 78CA7CE3221B59F70006165F /* mixxer */;
			targetProxy = 78CA7D04221B5A020006165F /* PBXContainerItemProxy */;
		};
/* End PBXTargetDependency section */

/* Begin PBXVariantGroup section */
		78CA7CEB221B59F70006165F /* Main.storyboard */ = {
			isa = PBXVariantGroup;
			children = (
				78CA7CEC221B59F70006165F /* Base */,
			);
			name = Main.storyboard;
			sourceTree = "<group>";
		};
		78CA7CF0221B5A020006165F /* LaunchScreen.storyboard */ = {
			isa = PBXVariantGroup;
			children = (
				78CA7CF1221B5A020006165F /* Base */,
			);
			name = LaunchScreen.storyboard;
			sourceTree = "<group>";
		};
/* End PBXVariantGroup section */

/* Begin XCBuildConfiguration section */
		78CA7D0A221B5A020006165F /* Debug */ = {
			isa = XCBuildConfiguration;
			buildSettings = {
				ALWAYS_SEARCH_USER_PATHS = NO;
				CLANG_ANALYZER_NONNULL = YES;
				CLANG_ANALYZER_NUMBER_OBJECT_CONVERSION = YES_AGGRESSIVE;
				CLANG_CXX_LANGUAGE_STANDARD = "gnu++14";
				CLANG_CXX_LIBRARY = "libc++";
				CLANG_ENABLE_MODULES = YES;
				CLANG_ENABLE_OBJC_ARC = YES;
				CLANG_ENABLE_OBJC_WEAK = YES;
				CLANG_WARN_BLOCK_CAPTURE_AUTORELEASING = YES;
				CLANG_WARN_BOOL_CONVERSION = YES;
				CLANG_WARN_COMMA = YES;
				CLANG_WARN_CONSTANT_CONVERSION = YES;
				CLANG_WARN_DEPRECATED_OBJC_IMPLEMENTATIONS = YES;
				CLANG_WARN_DIRECT_OBJC_ISA_USAGE = YES_ERROR;
				CLANG_WARN_DOCUMENTATION_COMMENTS = YES;
				CLANG_WARN_EMPTY_BODY = YES;
				CLANG_WARN_ENUM_CONVERSION = YES;
				CLANG_WARN_INFINITE_RECURSION = YES;
				CLANG_WARN_INT_CONVERSION = YES;
				CLANG_WARN_NON_LITERAL_NULL_CONVERSION = YES;
				CLANG_WARN_OBJC_IMPLICIT_RETAIN_SELF = YES;
				CLANG_WARN_OBJC_LITERAL_CONVERSION = YES;
				CLANG_WARN_OBJC_ROOT_CLASS = YES_ERROR;
				CLANG_WARN_RANGE_LOOP_ANALYSIS = YES;
				CLANG_WARN_STRICT_PROTOTYPES = YES;
				CLANG_WARN_SUSPICIOUS_MOVE = YES;
				CLANG_WARN_UNGUARDED_AVAILABILITY = YES_AGGRESSIVE;
				CLANG_WARN_UNREACHABLE_CODE = YES;
				CLANG_WARN__DUPLICATE_METHOD_MATCH = YES;
				CODE_SIGN_IDENTITY = "iPhone Developer";
				COPY_PHASE_STRIP = NO;
				DEBUG_INFORMATION_FORMAT = dwarf;
				ENABLE_STRICT_OBJC_MSGSEND = YES;
				ENABLE_TESTABILITY = YES;
				GCC_C_LANGUAGE_STANDARD = gnu11;
				GCC_DYNAMIC_NO_PIC = NO;
				GCC_NO_COMMON_BLOCKS = YES;
				GCC_OPTIMIZATION_LEVEL = 0;
				GCC_PREPROCESSOR_DEFINITIONS = (
					"DEBUG=1",
					"$(inherited)",
				);
				GCC_WARN_64_TO_32_BIT_CONVERSION = YES;
				GCC_WARN_ABOUT_RETURN_TYPE = YES_ERROR;
				GCC_WARN_UNDECLARED_SELECTOR = YES;
				GCC_WARN_UNINITIALIZED_AUTOS = YES_AGGRESSIVE;
				GCC_WARN_UNUSED_FUNCTION = YES;
				GCC_WARN_UNUSED_VARIABLE = YES;
				IPHONEOS_DEPLOYMENT_TARGET = 12.1;
				MTL_ENABLE_DEBUG_INFO = INCLUDE_SOURCE;
				MTL_FAST_MATH = YES;
				ONLY_ACTIVE_ARCH = YES;
				SDKROOT = iphoneos;
				SWIFT_ACTIVE_COMPILATION_CONDITIONS = DEBUG;
				SWIFT_OPTIMIZATION_LEVEL = "-Onone";
			};
			name = Debug;
		};
		78CA7D0B221B5A020006165F /* Release */ = {
			isa = XCBuildConfiguration;
			buildSettings = {
				ALWAYS_SEARCH_USER_PATHS = NO;
				CLANG_ANALYZER_NONNULL = YES;
				CLANG_ANALYZER_NUMBER_OBJECT_CONVERSION = YES_AGGRESSIVE;
				CLANG_CXX_LANGUAGE_STANDARD = "gnu++14";
				CLANG_CXX_LIBRARY = "libc++";
				CLANG_ENABLE_MODULES = YES;
				CLANG_ENABLE_OBJC_ARC = YES;
				CLANG_ENABLE_OBJC_WEAK = YES;
				CLANG_WARN_BLOCK_CAPTURE_AUTORELEASING = YES;
				CLANG_WARN_BOOL_CONVERSION = YES;
				CLANG_WARN_COMMA = YES;
				CLANG_WARN_CONSTANT_CONVERSION = YES;
				CLANG_WARN_DEPRECATED_OBJC_IMPLEMENTATIONS = YES;
				CLANG_WARN_DIRECT_OBJC_ISA_USAGE = YES_ERROR;
				CLANG_WARN_DOCUMENTATION_COMMENTS = YES;
				CLANG_WARN_EMPTY_BODY = YES;
				CLANG_WARN_ENUM_CONVERSION = YES;
				CLANG_WARN_INFINITE_RECURSION = YES;
				CLANG_WARN_INT_CONVERSION = YES;
				CLANG_WARN_NON_LITERAL_NULL_CONVERSION = YES;
				CLANG_WARN_OBJC_IMPLICIT_RETAIN_SELF = YES;
				CLANG_WARN_OBJC_LITERAL_CONVERSION = YES;
				CLANG_WARN_OBJC_ROOT_CLASS = YES_ERROR;
				CLANG_WARN_RANGE_LOOP_ANALYSIS = YES;
				CLANG_WARN_STRICT_PROTOTYPES = YES;
				CLANG_WARN_SUSPICIOUS_MOVE = YES;
				CLANG_WARN_UNGUARDED_AVAILABILITY = YES_AGGRESSIVE;
				CLANG_WARN_UNREACHABLE_CODE = YES;
				CLANG_WARN__DUPLICATE_METHOD_MATCH = YES;
				CODE_SIGN_IDENTITY = "iPhone Developer";
				COPY_PHASE_STRIP = NO;
				DEBUG_INFORMATION_FORMAT = "dwarf-with-dsym";
				ENABLE_NS_ASSERTIONS = NO;
				ENABLE_STRICT_OBJC_MSGSEND = YES;
				GCC_C_LANGUAGE_STANDARD = gnu11;
				GCC_NO_COMMON_BLOCKS = YES;
				GCC_WARN_64_TO_32_BIT_CONVERSION = YES;
				GCC_WARN_ABOUT_RETURN_TYPE = YES_ERROR;
				GCC_WARN_UNDECLARED_SELECTOR = YES;
				GCC_WARN_UNINITIALIZED_AUTOS = YES_AGGRESSIVE;
				GCC_WARN_UNUSED_FUNCTION = YES;
				GCC_WARN_UNUSED_VARIABLE = YES;
				IPHONEOS_DEPLOYMENT_TARGET = 12.1;
				MTL_ENABLE_DEBUG_INFO = NO;
				MTL_FAST_MATH = YES;
				SDKROOT = iphoneos;
				SWIFT_COMPILATION_MODE = wholemodule;
				SWIFT_OPTIMIZATION_LEVEL = "-O";
				VALIDATE_PRODUCT = YES;
			};
			name = Release;
		};
		78CA7D0D221B5A020006165F /* Debug */ = {
			isa = XCBuildConfiguration;
			buildSettings = {
				ASSETCATALOG_COMPILER_APPICON_NAME = AppIcon;
				CODE_SIGN_STYLE = Automatic;
				DEVELOPMENT_TEAM = FXY9U6A8CH;
				INFOPLIST_FILE = mixxer/Info.plist;
				LD_RUNPATH_SEARCH_PATHS = (
					"$(inherited)",
					"@executable_path/Frameworks",
				);
				PRODUCT_BUNDLE_IDENTIFIER = edu.mixxer;
				PRODUCT_NAME = "$(TARGET_NAME)";
				SWIFT_VERSION = 4.2;
				TARGETED_DEVICE_FAMILY = "1,2";
			};
			name = Debug;
		};
		78CA7D0E221B5A020006165F /* Release */ = {
			isa = XCBuildConfiguration;
			buildSettings = {
				ASSETCATALOG_COMPILER_APPICON_NAME = AppIcon;
				CODE_SIGN_STYLE = Automatic;
				DEVELOPMENT_TEAM = FXY9U6A8CH;
				INFOPLIST_FILE = mixxer/Info.plist;
				LD_RUNPATH_SEARCH_PATHS = (
					"$(inherited)",
					"@executable_path/Frameworks",
				);
				PRODUCT_BUNDLE_IDENTIFIER = edu.mixxer;
				PRODUCT_NAME = "$(TARGET_NAME)";
				SWIFT_VERSION = 4.2;
				TARGETED_DEVICE_FAMILY = "1,2";
			};
			name = Release;
		};
		78CA7D10221B5A020006165F /* Debug */ = {
			isa = XCBuildConfiguration;
			buildSettings = {
				ALWAYS_EMBED_SWIFT_STANDARD_LIBRARIES = YES;
				BUNDLE_LOADER = "$(TEST_HOST)";
				CODE_SIGN_STYLE = Automatic;
				DEVELOPMENT_TEAM = FXY9U6A8CH;
				INFOPLIST_FILE = mixxerTests/Info.plist;
				LD_RUNPATH_SEARCH_PATHS = (
					"$(inherited)",
					"@executable_path/Frameworks",
					"@loader_path/Frameworks",
				);
				PRODUCT_BUNDLE_IDENTIFIER = edu.mixxerTests;
				PRODUCT_NAME = "$(TARGET_NAME)";
				SWIFT_VERSION = 4.2;
				TARGETED_DEVICE_FAMILY = "1,2";
				TEST_HOST = "$(BUILT_PRODUCTS_DIR)/mixxer.app/mixxer";
			};
			name = Debug;
		};
		78CA7D11221B5A020006165F /* Release */ = {
			isa = XCBuildConfiguration;
			buildSettings = {
				ALWAYS_EMBED_SWIFT_STANDARD_LIBRARIES = YES;
				BUNDLE_LOADER = "$(TEST_HOST)";
				CODE_SIGN_STYLE = Automatic;
				DEVELOPMENT_TEAM = FXY9U6A8CH;
				INFOPLIST_FILE = mixxerTests/Info.plist;
				LD_RUNPATH_SEARCH_PATHS = (
					"$(inherited)",
					"@executable_path/Frameworks",
					"@loader_path/Frameworks",
				);
				PRODUCT_BUNDLE_IDENTIFIER = edu.mixxerTests;
				PRODUCT_NAME = "$(TARGET_NAME)";
				SWIFT_VERSION = 4.2;
				TARGETED_DEVICE_FAMILY = "1,2";
				TEST_HOST = "$(BUILT_PRODUCTS_DIR)/mixxer.app/mixxer";
			};
			name = Release;
		};
		78CA7D13221B5A020006165F /* Debug */ = {
			isa = XCBuildConfiguration;
			buildSettings = {
				ALWAYS_EMBED_SWIFT_STANDARD_LIBRARIES = YES;
				CODE_SIGN_STYLE = Automatic;
				DEVELOPMENT_TEAM = FXY9U6A8CH;
				INFOPLIST_FILE = mixxerUITests/Info.plist;
				LD_RUNPATH_SEARCH_PATHS = (
					"$(inherited)",
					"@executable_path/Frameworks",
					"@loader_path/Frameworks",
				);
				PRODUCT_BUNDLE_IDENTIFIER = edu.mixxerUITests;
				PRODUCT_NAME = "$(TARGET_NAME)";
				SWIFT_VERSION = 4.2;
				TARGETED_DEVICE_FAMILY = "1,2";
				TEST_TARGET_NAME = mixxer;
			};
			name = Debug;
		};
		78CA7D14221B5A020006165F /* Release */ = {
			isa = XCBuildConfiguration;
			buildSettings = {
				ALWAYS_EMBED_SWIFT_STANDARD_LIBRARIES = YES;
				CODE_SIGN_STYLE = Automatic;
				DEVELOPMENT_TEAM = FXY9U6A8CH;
				INFOPLIST_FILE = mixxerUITests/Info.plist;
				LD_RUNPATH_SEARCH_PATHS = (
					"$(inherited)",
					"@executable_path/Frameworks",
					"@loader_path/Frameworks",
				);
				PRODUCT_BUNDLE_IDENTIFIER = edu.mixxerUITests;
				PRODUCT_NAME = "$(TARGET_NAME)";
				SWIFT_VERSION = 4.2;
				TARGETED_DEVICE_FAMILY = "1,2";
				TEST_TARGET_NAME = mixxer;
			};
			name = Release;
		};
/* End XCBuildConfiguration section */

/* Begin XCConfigurationList section */
		78CA7CDF221B59F70006165F /* Build configuration list for PBXProject "mixxer" */ = {
			isa = XCConfigurationList;
			buildConfigurations = (
				78CA7D0A221B5A020006165F /* Debug */,
				78CA7D0B221B5A020006165F /* Release */,
			);
			defaultConfigurationIsVisible = 0;
			defaultConfigurationName = Release;
		};
		78CA7D0C221B5A020006165F /* Build configuration list for PBXNativeTarget "mixxer" */ = {
			isa = XCConfigurationList;
			buildConfigurations = (
				78CA7D0D221B5A020006165F /* Debug */,
				78CA7D0E221B5A020006165F /* Release */,
			);
			defaultConfigurationIsVisible = 0;
			defaultConfigurationName = Release;
		};
		78CA7D0F221B5A020006165F /* Build configuration list for PBXNativeTarget "mixxerTests" */ = {
			isa = XCConfigurationList;
			buildConfigurations = (
				78CA7D10221B5A020006165F /* Debug */,
				78CA7D11221B5A020006165F /* Release */,
			);
			defaultConfigurationIsVisible = 0;
			defaultConfigurationName = Release;
		};
		78CA7D12221B5A020006165F /* Build configuration list for PBXNativeTarget "mixxerUITests" */ = {
			isa = XCConfigurationList;
			buildConfigurations = (
				78CA7D13221B5A020006165F /* Debug */,
				78CA7D14221B5A020006165F /* Release */,
			);
			defaultConfigurationIsVisible = 0;
			defaultConfigurationName = Release;
		};
/* End XCConfigurationList section */
	};
	rootObject = 78CA7CDC221B59F70006165F /* Project object */;
}
